{
  "name": "take",
  "version": "1.0.0",
  "lockfileVersion": 2,
  "requires": true,
  "packages": {
    "": {
      "name": "take",
      "version": "1.0.0",
      "license": "ISC",
      "dependencies": {
        "electron-package": "^0.1.0",
        "moment": "^2.29.4"
      }
    },
    "node_modules/electron-package": {
      "version": "0.1.0",
      "resolved": "https://registry.npmjs.org/electron-package/-/electron-package-0.1.0.tgz",
      "integrity": "sha512-AwPkGVzwKbEOzu7y+tKA63Gyc39R7/1dA2vWwR1YRpqFWXNpaQCLSgOi/Lr4k9H9W3+dudkZxdPaFQIiMpN/vw=="
    },
    "node_modules/moment": {
      "version": "2.29.4",
      "resolved": "https://registry.npmjs.org/moment/-/moment-2.29.4.tgz",
      "integrity": "sha512-5LC9SOxjSc2HF6vO2CyuTDNivEdoz2IvyJJGj6X8DJ0eFyfszE0QiEd+iXmBvUP3WHxSjFH/vIsA0EN00cgr8w==",
      "engines": {
        "node": "*"
      }
    }
  },
  "dependencies": {
    "electron-package": {
      "version": "0.1.0",
      "resolved": "https://registry.npmjs.org/electron-package/-/electron-package-0.1.0.tgz",
      "integrity": "sha512-AwPkGVzwKbEOzu7y+tKA63Gyc39R7/1dA2vWwR1YRpqFWXNpaQCLSgOi/Lr4k9H9W3+dudkZxdPaFQIiMpN/vw=="
    },
    "moment": {
      "version": "2.29.4",
      "resolved": "https://registry.npmjs.org/moment/-/moment-2.29.4.tgz",
      "integrity": "sha512-5LC9SOxjSc2HF6vO2CyuTDNivEdoz2IvyJJGj6X8DJ0eFyfszE0QiEd+iXmBvUP3WHxSjFH/vIsA0EN00cgr8w=="
    }
  }
}
